// !$*UTF8*$!
{
	archiveVersion = 1;
	classes = {
	};
	objectVersion = 50;
	objects = {

/* Begin PBXBuildFile section */
		CF2E58AA24A23010003F61AC /* MainPresenter.swift in Sources */ = {isa = PBXBuildFile; fileRef = CF2E58A924A23010003F61AC /* MainPresenter.swift */; };
		CF2E58AC24A230AE003F61AC /* Post.swift in Sources */ = {isa = PBXBuildFile; fileRef = CF2E58AB24A230AE003F61AC /* Post.swift */; };
		CF2E58AE24A233F0003F61AC /* MainViewController.swift in Sources */ = {isa = PBXBuildFile; fileRef = CF2E58AD24A233F0003F61AC /* MainViewController.swift */; };
		CF2E58B024A23684003F61AC /* MainViewController.xib in Resources */ = {isa = PBXBuildFile; fileRef = CF2E58AF24A23684003F61AC /* MainViewController.xib */; };
		CF2E58B224A238D2003F61AC /* ModuleBuilder.swift in Sources */ = {isa = PBXBuildFile; fileRef = CF2E58B124A238D2003F61AC /* ModuleBuilder.swift */; };
		CF2E58B524A26041003F61AC /* MainPresentTest.swift in Sources */ = {isa = PBXBuildFile; fileRef = CF2E58B424A26041003F61AC /* MainPresentTest.swift */; };
		CF2E58BD24A26163003F61AC /* patternTests.swift in Sources */ = {isa = PBXBuildFile; fileRef = CF2E58BC24A26163003F61AC /* patternTests.swift */; };
		CF2E58C524A27B79003F61AC /* DetailPresenter.swift in Sources */ = {isa = PBXBuildFile; fileRef = CF2E58C424A27B79003F61AC /* DetailPresenter.swift */; };
		CF2E58CA24A2818A003F61AC /* DetailViewController.swift in Sources */ = {isa = PBXBuildFile; fileRef = CF2E58C924A2818A003F61AC /* DetailViewController.swift */; };
		CF2E58CC24A281A5003F61AC /* DetailViewController.xib in Resources */ = {isa = PBXBuildFile; fileRef = CF2E58CB24A281A5003F61AC /* DetailViewController.xib */; };
		CF2E58D024A29F80003F61AC /* Router.swift in Sources */ = {isa = PBXBuildFile; fileRef = CF2E58CF24A29F80003F61AC /* Router.swift */; };
		CF32E451249F68FB0027BA93 /* AppDelegate.swift in Sources */ = {isa = PBXBuildFile; fileRef = CF32E450249F68FB0027BA93 /* AppDelegate.swift */; };
		CF32E453249F68FB0027BA93 /* SceneDelegate.swift in Sources */ = {isa = PBXBuildFile; fileRef = CF32E452249F68FB0027BA93 /* SceneDelegate.swift */; };
		CF32E455249F68FB0027BA93 /* ViewController.swift in Sources */ = {isa = PBXBuildFile; fileRef = CF32E454249F68FB0027BA93 /* ViewController.swift */; };
		CF32E458249F68FB0027BA93 /* Main.storyboard in Resources */ = {isa = PBXBuildFile; fileRef = CF32E456249F68FB0027BA93 /* Main.storyboard */; };
		CF32E45B249F68FC0027BA93 /* pattern.xcdatamodeld in Sources */ = {isa = PBXBuildFile; fileRef = CF32E459249F68FC0027BA93 /* pattern.xcdatamodeld */; };
		CF32E45D249F68FD0027BA93 /* Assets.xcassets in Resources */ = {isa = PBXBuildFile; fileRef = CF32E45C249F68FD0027BA93 /* Assets.xcassets */; };
		CF32E460249F68FD0027BA93 /* LaunchScreen.storyboard in Resources */ = {isa = PBXBuildFile; fileRef = CF32E45E249F68FD0027BA93 /* LaunchScreen.storyboard */; };
		CF32E468249F69650027BA93 /* Setting.swift in Sources */ = {isa = PBXBuildFile; fileRef = CF32E467249F69650027BA93 /* Setting.swift */; };
		CF32E46A249F6ED50027BA93 /* Product.swift in Sources */ = {isa = PBXBuildFile; fileRef = CF32E469249F6ED50027BA93 /* Product.swift */; };
		CF32E46D249F6F690027BA93 /* Params.swift in Sources */ = {isa = PBXBuildFile; fileRef = CF32E46C249F6F690027BA93 /* Params.swift */; };
		CF32E46F249F702C0027BA93 /* ParamsDefault.swift in Sources */ = {isa = PBXBuildFile; fileRef = CF32E46E249F702C0027BA93 /* ParamsDefault.swift */; };
		CF32E471249F70A20027BA93 /* FactoryProduct.swift in Sources */ = {isa = PBXBuildFile; fileRef = CF32E470249F70A20027BA93 /* FactoryProduct.swift */; };
		CF32E473249F74F20027BA93 /* ProductController.swift in Sources */ = {isa = PBXBuildFile; fileRef = CF32E472249F74F20027BA93 /* ProductController.swift */; };
		CF3E49D524A4E6F000103768 /* DetailWeatherPresenter.swift in Sources */ = {isa = PBXBuildFile; fileRef = CF3E49D424A4E6F000103768 /* DetailWeatherPresenter.swift */; };
		CF486FFC249FEF6B0038AD32 /* ClosureController.swift in Sources */ = {isa = PBXBuildFile; fileRef = CF486FFB249FEF6B0038AD32 /* ClosureController.swift */; };
		CF486FFE249FF2860038AD32 /* NetworkService.swift in Sources */ = {isa = PBXBuildFile; fileRef = CF486FFD249FF2860038AD32 /* NetworkService.swift */; };
		CF48700124A016AE0038AD32 /* MvvmController.swift in Sources */ = {isa = PBXBuildFile; fileRef = CF48700024A016AE0038AD32 /* MvvmController.swift */; };
		CF48700524A017600038AD32 /* ViewData.swift in Sources */ = {isa = PBXBuildFile; fileRef = CF48700424A017600038AD32 /* ViewData.swift */; };
		CF48700724A0180B0038AD32 /* MainViewModel.swift in Sources */ = {isa = PBXBuildFile; fileRef = CF48700624A0180B0038AD32 /* MainViewModel.swift */; };
		CF48700A24A01E510038AD32 /* TestView.swift in Sources */ = {isa = PBXBuildFile; fileRef = CF48700924A01E510038AD32 /* TestView.swift */; };
		CF48700C24A01E850038AD32 /* TestViewExtantion.swift in Sources */ = {isa = PBXBuildFile; fileRef = CF48700B24A01E850038AD32 /* TestViewExtantion.swift */; };
		CF730A6E24A346B50032CF99 /* WeatherRouter.swift in Sources */ = {isa = PBXBuildFile; fileRef = CF730A6D24A346B50032CF99 /* WeatherRouter.swift */; };
		CF730A7024A346C60032CF99 /* WeatherModuleBuilder.swift in Sources */ = {isa = PBXBuildFile; fileRef = CF730A6F24A346C60032CF99 /* WeatherModuleBuilder.swift */; };
		CF730A7224A346DE0032CF99 /* Weather.swift in Sources */ = {isa = PBXBuildFile; fileRef = CF730A7124A346DE0032CF99 /* Weather.swift */; };
		CF730A7524A347040032CF99 /* WeatherMainViewController.swift in Sources */ = {isa = PBXBuildFile; fileRef = CF730A7324A347040032CF99 /* WeatherMainViewController.swift */; };
		CF730A7624A347040032CF99 /* WeatherMainViewController.xib in Resources */ = {isa = PBXBuildFile; fileRef = CF730A7424A347040032CF99 /* WeatherMainViewController.xib */; };
		CF730A7824A347220032CF99 /* WeatherPresenter.swift in Sources */ = {isa = PBXBuildFile; fileRef = CF730A7724A347220032CF99 /* WeatherPresenter.swift */; };
		CF730A7A24A386360032CF99 /* Location.swift in Sources */ = {isa = PBXBuildFile; fileRef = CF730A7924A386360032CF99 /* Location.swift */; };
		CF730A7D24A3AE880032CF99 /* DetailWeatherViewController.swift in Sources */ = {isa = PBXBuildFile; fileRef = CF730A7B24A3AE880032CF99 /* DetailWeatherViewController.swift */; };
		CF730A7E24A3AE880032CF99 /* DetailWeatherViewController.xib in Resources */ = {isa = PBXBuildFile; fileRef = CF730A7C24A3AE880032CF99 /* DetailWeatherViewController.xib */; };
		CF8E3F7924A556C3008F4ED8 /* City.swift in Sources */ = {isa = PBXBuildFile; fileRef = CF8E3F7824A556C3008F4ED8 /* City.swift */; };
		CFFEC1B424A49B8D00C2A878 /* CollectionViewCell.swift in Sources */ = {isa = PBXBuildFile; fileRef = CFFEC1B224A49B8D00C2A878 /* CollectionViewCell.swift */; };
		CFFEC1B524A49B8D00C2A878 /* CollectionViewCell.xib in Resources */ = {isa = PBXBuildFile; fileRef = CFFEC1B324A49B8D00C2A878 /* CollectionViewCell.xib */; };
/* End PBXBuildFile section */

/* Begin PBXContainerItemProxy section */
		CF2E58BF24A26163003F61AC /* PBXContainerItemProxy */ = {
			isa = PBXContainerItemProxy;
			containerPortal = CF32E445249F68FB0027BA93 /* Project object */;
			proxyType = 1;
			remoteGlobalIDString = CF32E44C249F68FB0027BA93;
			remoteInfo = pattern;
		};
/* End PBXContainerItemProxy section */

/* Begin PBXFileReference section */
		CF2E58A924A23010003F61AC /* MainPresenter.swift */ = {isa = PBXFileReference; lastKnownFileType = sourcecode.swift; path = MainPresenter.swift; sourceTree = "<group>"; };
		CF2E58AB24A230AE003F61AC /* Post.swift */ = {isa = PBXFileReference; lastKnownFileType = sourcecode.swift; path = Post.swift; sourceTree = "<group>"; };
		CF2E58AD24A233F0003F61AC /* MainViewController.swift */ = {isa = PBXFileReference; lastKnownFileType = sourcecode.swift; path = MainViewController.swift; sourceTree = "<group>"; };
		CF2E58AF24A23684003F61AC /* MainViewController.xib */ = {isa = PBXFileReference; lastKnownFileType = file.xib; path = MainViewController.xib; sourceTree = "<group>"; };
		CF2E58B124A238D2003F61AC /* ModuleBuilder.swift */ = {isa = PBXFileReference; lastKnownFileType = sourcecode.swift; path = ModuleBuilder.swift; sourceTree = "<group>"; };
		CF2E58B424A26041003F61AC /* MainPresentTest.swift */ = {isa = PBXFileReference; lastKnownFileType = sourcecode.swift; path = MainPresentTest.swift; sourceTree = "<group>"; };
		CF2E58BA24A26163003F61AC /* patternTests.xctest */ = {isa = PBXFileReference; explicitFileType = wrapper.cfbundle; includeInIndex = 0; path = patternTests.xctest; sourceTree = BUILT_PRODUCTS_DIR; };
		CF2E58BC24A26163003F61AC /* patternTests.swift */ = {isa = PBXFileReference; lastKnownFileType = sourcecode.swift; path = patternTests.swift; sourceTree = "<group>"; };
		CF2E58BE24A26163003F61AC /* Info.plist */ = {isa = PBXFileReference; lastKnownFileType = text.plist.xml; path = Info.plist; sourceTree = "<group>"; };
		CF2E58C424A27B79003F61AC /* DetailPresenter.swift */ = {isa = PBXFileReference; lastKnownFileType = sourcecode.swift; path = DetailPresenter.swift; sourceTree = "<group>"; };
		CF2E58C924A2818A003F61AC /* DetailViewController.swift */ = {isa = PBXFileReference; lastKnownFileType = sourcecode.swift; path = DetailViewController.swift; sourceTree = "<group>"; };
		CF2E58CB24A281A5003F61AC /* DetailViewController.xib */ = {isa = PBXFileReference; lastKnownFileType = file.xib; path = DetailViewController.xib; sourceTree = "<group>"; };
		CF2E58CF24A29F80003F61AC /* Router.swift */ = {isa = PBXFileReference; lastKnownFileType = sourcecode.swift; path = Router.swift; sourceTree = "<group>"; };
		CF32E44D249F68FB0027BA93 /* pattern.app */ = {isa = PBXFileReference; explicitFileType = wrapper.application; includeInIndex = 0; path = pattern.app; sourceTree = BUILT_PRODUCTS_DIR; };
		CF32E450249F68FB0027BA93 /* AppDelegate.swift */ = {isa = PBXFileReference; lastKnownFileType = sourcecode.swift; path = AppDelegate.swift; sourceTree = "<group>"; };
		CF32E452249F68FB0027BA93 /* SceneDelegate.swift */ = {isa = PBXFileReference; lastKnownFileType = sourcecode.swift; path = SceneDelegate.swift; sourceTree = "<group>"; };
		CF32E454249F68FB0027BA93 /* ViewController.swift */ = {isa = PBXFileReference; lastKnownFileType = sourcecode.swift; path = ViewController.swift; sourceTree = "<group>"; };
		CF32E457249F68FB0027BA93 /* Base */ = {isa = PBXFileReference; lastKnownFileType = file.storyboard; name = Base; path = Base.lproj/Main.storyboard; sourceTree = "<group>"; };
		CF32E45A249F68FC0027BA93 /* pattern.xcdatamodel */ = {isa = PBXFileReference; lastKnownFileType = wrapper.xcdatamodel; path = pattern.xcdatamodel; sourceTree = "<group>"; };
		CF32E45C249F68FD0027BA93 /* Assets.xcassets */ = {isa = PBXFileReference; lastKnownFileType = folder.assetcatalog; path = Assets.xcassets; sourceTree = "<group>"; };
		CF32E45F249F68FD0027BA93 /* Base */ = {isa = PBXFileReference; lastKnownFileType = file.storyboard; name = Base; path = Base.lproj/LaunchScreen.storyboard; sourceTree = "<group>"; };
		CF32E461249F68FD0027BA93 /* Info.plist */ = {isa = PBXFileReference; lastKnownFileType = text.plist.xml; path = Info.plist; sourceTree = "<group>"; };
		CF32E467249F69650027BA93 /* Setting.swift */ = {isa = PBXFileReference; lastKnownFileType = sourcecode.swift; path = Setting.swift; sourceTree = "<group>"; };
		CF32E469249F6ED50027BA93 /* Product.swift */ = {isa = PBXFileReference; lastKnownFileType = sourcecode.swift; path = Product.swift; sourceTree = "<group>"; };
		CF32E46C249F6F690027BA93 /* Params.swift */ = {isa = PBXFileReference; lastKnownFileType = sourcecode.swift; path = Params.swift; sourceTree = "<group>"; };
		CF32E46E249F702C0027BA93 /* ParamsDefault.swift */ = {isa = PBXFileReference; lastKnownFileType = sourcecode.swift; path = ParamsDefault.swift; sourceTree = "<group>"; };
		CF32E470249F70A20027BA93 /* FactoryProduct.swift */ = {isa = PBXFileReference; lastKnownFileType = sourcecode.swift; path = FactoryProduct.swift; sourceTree = "<group>"; };
		CF32E472249F74F20027BA93 /* ProductController.swift */ = {isa = PBXFileReference; lastKnownFileType = sourcecode.swift; path = ProductController.swift; sourceTree = "<group>"; };
		CF3E49D424A4E6F000103768 /* DetailWeatherPresenter.swift */ = {isa = PBXFileReference; lastKnownFileType = sourcecode.swift; path = DetailWeatherPresenter.swift; sourceTree = "<group>"; };
		CF486FFB249FEF6B0038AD32 /* ClosureController.swift */ = {isa = PBXFileReference; lastKnownFileType = sourcecode.swift; path = ClosureController.swift; sourceTree = "<group>"; };
		CF486FFD249FF2860038AD32 /* NetworkService.swift */ = {isa = PBXFileReference; lastKnownFileType = sourcecode.swift; path = NetworkService.swift; sourceTree = "<group>"; };
		CF48700024A016AE0038AD32 /* MvvmController.swift */ = {isa = PBXFileReference; lastKnownFileType = sourcecode.swift; path = MvvmController.swift; sourceTree = "<group>"; };
		CF48700424A017600038AD32 /* ViewData.swift */ = {isa = PBXFileReference; lastKnownFileType = sourcecode.swift; path = ViewData.swift; sourceTree = "<group>"; };
		CF48700624A0180B0038AD32 /* MainViewModel.swift */ = {isa = PBXFileReference; lastKnownFileType = sourcecode.swift; path = MainViewModel.swift; sourceTree = "<group>"; };
		CF48700924A01E510038AD32 /* TestView.swift */ = {isa = PBXFileReference; lastKnownFileType = sourcecode.swift; path = TestView.swift; sourceTree = "<group>"; };
		CF48700B24A01E850038AD32 /* TestViewExtantion.swift */ = {isa = PBXFileReference; lastKnownFileType = sourcecode.swift; path = TestViewExtantion.swift; sourceTree = "<group>"; };
		CF730A6D24A346B50032CF99 /* WeatherRouter.swift */ = {isa = PBXFileReference; lastKnownFileType = sourcecode.swift; path = WeatherRouter.swift; sourceTree = "<group>"; };
		CF730A6F24A346C60032CF99 /* WeatherModuleBuilder.swift */ = {isa = PBXFileReference; lastKnownFileType = sourcecode.swift; path = WeatherModuleBuilder.swift; sourceTree = "<group>"; };
		CF730A7124A346DE0032CF99 /* Weather.swift */ = {isa = PBXFileReference; lastKnownFileType = sourcecode.swift; path = Weather.swift; sourceTree = "<group>"; };
		CF730A7324A347040032CF99 /* WeatherMainViewController.swift */ = {isa = PBXFileReference; lastKnownFileType = sourcecode.swift; path = WeatherMainViewController.swift; sourceTree = "<group>"; };
		CF730A7424A347040032CF99 /* WeatherMainViewController.xib */ = {isa = PBXFileReference; lastKnownFileType = file.xib; path = WeatherMainViewController.xib; sourceTree = "<group>"; };
		CF730A7724A347220032CF99 /* WeatherPresenter.swift */ = {isa = PBXFileReference; lastKnownFileType = sourcecode.swift; path = WeatherPresenter.swift; sourceTree = "<group>"; };
		CF730A7924A386360032CF99 /* Location.swift */ = {isa = PBXFileReference; lastKnownFileType = sourcecode.swift; path = Location.swift; sourceTree = "<group>"; };
		CF730A7B24A3AE880032CF99 /* DetailWeatherViewController.swift */ = {isa = PBXFileReference; lastKnownFileType = sourcecode.swift; path = DetailWeatherViewController.swift; sourceTree = "<group>"; };
		CF730A7C24A3AE880032CF99 /* DetailWeatherViewController.xib */ = {isa = PBXFileReference; lastKnownFileType = file.xib; path = DetailWeatherViewController.xib; sourceTree = "<group>"; };
		CF8E3F7824A556C3008F4ED8 /* City.swift */ = {isa = PBXFileReference; lastKnownFileType = sourcecode.swift; path = City.swift; sourceTree = "<group>"; };
		CFFEC1B224A49B8D00C2A878 /* CollectionViewCell.swift */ = {isa = PBXFileReference; lastKnownFileType = sourcecode.swift; path = CollectionViewCell.swift; sourceTree = "<group>"; };
		CFFEC1B324A49B8D00C2A878 /* CollectionViewCell.xib */ = {isa = PBXFileReference; lastKnownFileType = file.xib; path = CollectionViewCell.xib; sourceTree = "<group>"; };
/* End PBXFileReference section */

/* Begin PBXFrameworksBuildPhase section */
		CF2E58B724A26163003F61AC /* Frameworks */ = {
			isa = PBXFrameworksBuildPhase;
			buildActionMask = 2147483647;
			files = (
			);
			runOnlyForDeploymentPostprocessing = 0;
		};
		CF32E44A249F68FB0027BA93 /* Frameworks */ = {
			isa = PBXFrameworksBuildPhase;
			buildActionMask = 2147483647;
			files = (
			);
			runOnlyForDeploymentPostprocessing = 0;
		};
/* End PBXFrameworksBuildPhase section */

/* Begin PBXGroup section */
		CF2E58A824A22FEF003F61AC /* MVP */ = {
			isa = PBXGroup;
			children = (
				CF2E58AD24A233F0003F61AC /* MainViewController.swift */,
				CF2E58CE24A281D6003F61AC /* view */,
				CF2E58C724A2815A003F61AC /* Detail */,
				CF2E58C624A27D99003F61AC /* presenter */,
				CF2E58B324A26029003F61AC /* TEST */,
				CF2E58AB24A230AE003F61AC /* Post.swift */,
				CF2E58B124A238D2003F61AC /* ModuleBuilder.swift */,
				CF2E58CF24A29F80003F61AC /* Router.swift */,
			);
			path = MVP;
			sourceTree = "<group>";
		};
		CF2E58B324A26029003F61AC /* TEST */ = {
			isa = PBXGroup;
			children = (
				CF2E58B424A26041003F61AC /* MainPresentTest.swift */,
			);
			path = TEST;
			sourceTree = "<group>";
		};
		CF2E58BB24A26163003F61AC /* patternTests */ = {
			isa = PBXGroup;
			children = (
				CF2E58BC24A26163003F61AC /* patternTests.swift */,
				CF2E58BE24A26163003F61AC /* Info.plist */,
			);
			path = patternTests;
			sourceTree = "<group>";
		};
		CF2E58C624A27D99003F61AC /* presenter */ = {
			isa = PBXGroup;
			children = (
				CF2E58A924A23010003F61AC /* MainPresenter.swift */,
			);
			path = presenter;
			sourceTree = "<group>";
		};
		CF2E58C724A2815A003F61AC /* Detail */ = {
			isa = PBXGroup;
			children = (
				CF2E58CD24A281B9003F61AC /* view */,
				CF2E58C824A28168003F61AC /* presenter */,
			);
			path = Detail;
			sourceTree = "<group>";
		};
		CF2E58C824A28168003F61AC /* presenter */ = {
			isa = PBXGroup;
			children = (
				CF2E58C424A27B79003F61AC /* DetailPresenter.swift */,
			);
			path = presenter;
			sourceTree = "<group>";
		};
		CF2E58CD24A281B9003F61AC /* view */ = {
			isa = PBXGroup;
			children = (
				CF2E58C924A2818A003F61AC /* DetailViewController.swift */,
				CF2E58CB24A281A5003F61AC /* DetailViewController.xib */,
			);
			path = view;
			sourceTree = "<group>";
		};
		CF2E58CE24A281D6003F61AC /* view */ = {
			isa = PBXGroup;
			children = (
				CF2E58AF24A23684003F61AC /* MainViewController.xib */,
			);
			path = view;
			sourceTree = "<group>";
		};
		CF32E444249F68FB0027BA93 = {
			isa = PBXGroup;
			children = (
				CF32E44F249F68FB0027BA93 /* pattern */,
				CF2E58BB24A26163003F61AC /* patternTests */,
				CF32E44E249F68FB0027BA93 /* Products */,
			);
			sourceTree = "<group>";
		};
		CF32E44E249F68FB0027BA93 /* Products */ = {
			isa = PBXGroup;
			children = (
				CF32E44D249F68FB0027BA93 /* pattern.app */,
				CF2E58BA24A26163003F61AC /* patternTests.xctest */,
			);
			name = Products;
			sourceTree = "<group>";
		};
		CF32E44F249F68FB0027BA93 /* pattern */ = {
			isa = PBXGroup;
			children = (
				CF730A6C24A3468B0032CF99 /* ModuleWeather */,
				CF2E58A824A22FEF003F61AC /* MVP */,
				CF486FFF24A016980038AD32 /* mvvm */,
				CF486FFA249FEF5C0038AD32 /* Closure */,
				CF32E46B249F6F4E0027BA93 /* Factory Pattern */,
				CF32E450249F68FB0027BA93 /* AppDelegate.swift */,
				CF32E452249F68FB0027BA93 /* SceneDelegate.swift */,
				CF32E454249F68FB0027BA93 /* ViewController.swift */,
				CF32E456249F68FB0027BA93 /* Main.storyboard */,
				CF32E45C249F68FD0027BA93 /* Assets.xcassets */,
				CF32E45E249F68FD0027BA93 /* LaunchScreen.storyboard */,
				CF32E461249F68FD0027BA93 /* Info.plist */,
				CF32E459249F68FC0027BA93 /* pattern.xcdatamodeld */,
				CF32E467249F69650027BA93 /* Setting.swift */,
				CF730A7924A386360032CF99 /* Location.swift */,
			);
			path = pattern;
			sourceTree = "<group>";
		};
		CF32E46B249F6F4E0027BA93 /* Factory Pattern */ = {
			isa = PBXGroup;
			children = (
				CF32E469249F6ED50027BA93 /* Product.swift */,
				CF32E46C249F6F690027BA93 /* Params.swift */,
				CF32E46E249F702C0027BA93 /* ParamsDefault.swift */,
				CF32E470249F70A20027BA93 /* FactoryProduct.swift */,
				CF32E472249F74F20027BA93 /* ProductController.swift */,
			);
			path = "Factory Pattern";
			sourceTree = "<group>";
		};
		CF3E49D224A4E68800103768 /* Detail */ = {
			isa = PBXGroup;
			children = (
				CF730A7B24A3AE880032CF99 /* DetailWeatherViewController.swift */,
				CF730A7C24A3AE880032CF99 /* DetailWeatherViewController.xib */,
				CF3E49D424A4E6F000103768 /* DetailWeatherPresenter.swift */,
				CF8E3F7824A556C3008F4ED8 /* City.swift */,
			);
			path = Detail;
			sourceTree = "<group>";
		};
		CF3E49D324A4E69800103768 /* Collection */ = {
			isa = PBXGroup;
			children = (
				CFFEC1B224A49B8D00C2A878 /* CollectionViewCell.swift */,
				CFFEC1B324A49B8D00C2A878 /* CollectionViewCell.xib */,
			);
			path = Collection;
			sourceTree = "<group>";
		};
		CF486FFA249FEF5C0038AD32 /* Closure */ = {
			isa = PBXGroup;
			children = (
				CF486FFD249FF2860038AD32 /* NetworkService.swift */,
				CF486FFB249FEF6B0038AD32 /* ClosureController.swift */,
			);
			path = Closure;
			sourceTree = "<group>";
		};
		CF486FFF24A016980038AD32 /* mvvm */ = {
			isa = PBXGroup;
			children = (
				CF48700824A018200038AD32 /* ViewModel */,
				CF48700324A017170038AD32 /* Model */,
				CF48700224A017050038AD32 /* View */,
			);
			path = mvvm;
			sourceTree = "<group>";
		};
		CF48700224A017050038AD32 /* View */ = {
			isa = PBXGroup;
			children = (
				CF48700024A016AE0038AD32 /* MvvmController.swift */,
				CF48700924A01E510038AD32 /* TestView.swift */,
				CF48700B24A01E850038AD32 /* TestViewExtantion.swift */,
			);
			path = View;
			sourceTree = "<group>";
		};
		CF48700324A017170038AD32 /* Model */ = {
			isa = PBXGroup;
			children = (
				CF48700424A017600038AD32 /* ViewData.swift */,
			);
			path = Model;
			sourceTree = "<group>";
		};
		CF48700824A018200038AD32 /* ViewModel */ = {
			isa = PBXGroup;
			children = (
				CF48700624A0180B0038AD32 /* MainViewModel.swift */,
			);
			path = ViewModel;
			sourceTree = "<group>";
		};
		CF730A6C24A3468B0032CF99 /* ModuleWeather */ = {
			isa = PBXGroup;
			children = (
				CF3E49D324A4E69800103768 /* Collection */,
				CF3E49D224A4E68800103768 /* Detail */,
				CF730A6D24A346B50032CF99 /* WeatherRouter.swift */,
				CF730A6F24A346C60032CF99 /* WeatherModuleBuilder.swift */,
				CF730A7124A346DE0032CF99 /* Weather.swift */,
				CF730A7324A347040032CF99 /* WeatherMainViewController.swift */,
				CF730A7424A347040032CF99 /* WeatherMainViewController.xib */,
				CF730A7724A347220032CF99 /* WeatherPresenter.swift */,
			);
			path = ModuleWeather;
			sourceTree = "<group>";
		};
/* End PBXGroup section */

/* Begin PBXNativeTarget section */
		CF2E58B924A26163003F61AC /* patternTests */ = {
			isa = PBXNativeTarget;
			buildConfigurationList = CF2E58C124A26163003F61AC /* Build configuration list for PBXNativeTarget "patternTests" */;
			buildPhases = (
				CF2E58B624A26163003F61AC /* Sources */,
				CF2E58B724A26163003F61AC /* Frameworks */,
				CF2E58B824A26163003F61AC /* Resources */,
			);
			buildRules = (
			);
			dependencies = (
				CF2E58C024A26163003F61AC /* PBXTargetDependency */,
			);
			name = patternTests;
			productName = patternTests;
			productReference = CF2E58BA24A26163003F61AC /* patternTests.xctest */;
			productType = "com.apple.product-type.bundle.unit-test";
		};
		CF32E44C249F68FB0027BA93 /* pattern */ = {
			isa = PBXNativeTarget;
			buildConfigurationList = CF32E464249F68FD0027BA93 /* Build configuration list for PBXNativeTarget "pattern" */;
			buildPhases = (
				CF32E449249F68FB0027BA93 /* Sources */,
				CF32E44A249F68FB0027BA93 /* Frameworks */,
				CF32E44B249F68FB0027BA93 /* Resources */,
			);
			buildRules = (
			);
			dependencies = (
			);
			name = pattern;
			productName = pattern;
			productReference = CF32E44D249F68FB0027BA93 /* pattern.app */;
			productType = "com.apple.product-type.application";
		};
/* End PBXNativeTarget section */

/* Begin PBXProject section */
		CF32E445249F68FB0027BA93 /* Project object */ = {
			isa = PBXProject;
			attributes = {
				LastSwiftUpdateCheck = 1130;
				LastUpgradeCheck = 1130;
				ORGANIZATIONNAME = "Igor Selivestrov";
				TargetAttributes = {
					CF2E58B924A26163003F61AC = {
						CreatedOnToolsVersion = 11.3.1;
						TestTargetID = CF32E44C249F68FB0027BA93;
					};
					CF32E44C249F68FB0027BA93 = {
						CreatedOnToolsVersion = 11.3.1;
						LastSwiftMigration = 1130;
					};
				};
			};
			buildConfigurationList = CF32E448249F68FB0027BA93 /* Build configuration list for PBXProject "pattern" */;
			compatibilityVersion = "Xcode 9.3";
			developmentRegion = en;
			hasScannedForEncodings = 0;
			knownRegions = (
				en,
				Base,
			);
			mainGroup = CF32E444249F68FB0027BA93;
			productRefGroup = CF32E44E249F68FB0027BA93 /* Products */;
			projectDirPath = "";
			projectRoot = "";
			targets = (
				CF32E44C249F68FB0027BA93 /* pattern */,
				CF2E58B924A26163003F61AC /* patternTests */,
			);
		};
/* End PBXProject section */

/* Begin PBXResourcesBuildPhase section */
		CF2E58B824A26163003F61AC /* Resources */ = {
			isa = PBXResourcesBuildPhase;
			buildActionMask = 2147483647;
			files = (
			);
			runOnlyForDeploymentPostprocessing = 0;
		};
		CF32E44B249F68FB0027BA93 /* Resources */ = {
			isa = PBXResourcesBuildPhase;
			buildActionMask = 2147483647;
			files = (
				CF730A7E24A3AE880032CF99 /* DetailWeatherViewController.xib in Resources */,
				CF32E460249F68FD0027BA93 /* LaunchScreen.storyboard in Resources */,
				CF730A7624A347040032CF99 /* WeatherMainViewController.xib in Resources */,
				CF32E45D249F68FD0027BA93 /* Assets.xcassets in Resources */,
				CF2E58CC24A281A5003F61AC /* DetailViewController.xib in Resources */,
				CF32E458249F68FB0027BA93 /* Main.storyboard in Resources */,
				CFFEC1B524A49B8D00C2A878 /* CollectionViewCell.xib in Resources */,
				CF2E58B024A23684003F61AC /* MainViewController.xib in Resources */,
			);
			runOnlyForDeploymentPostprocessing = 0;
		};
/* End PBXResourcesBuildPhase section */

/* Begin PBXSourcesBuildPhase section */
		CF2E58B624A26163003F61AC /* Sources */ = {
			isa = PBXSourcesBuildPhase;
			buildActionMask = 2147483647;
			files = (
				CF2E58BD24A26163003F61AC /* patternTests.swift in Sources */,
			);
			runOnlyForDeploymentPostprocessing = 0;
		};
		CF32E449249F68FB0027BA93 /* Sources */ = {
			isa = PBXSourcesBuildPhase;
			buildActionMask = 2147483647;
			files = (
				CF48700524A017600038AD32 /* ViewData.swift in Sources */,
				CF32E468249F69650027BA93 /* Setting.swift in Sources */,
				CF2E58D024A29F80003F61AC /* Router.swift in Sources */,
				CF730A7524A347040032CF99 /* WeatherMainViewController.swift in Sources */,
				CF2E58B524A26041003F61AC /* MainPresentTest.swift in Sources */,
				CF32E46D249F6F690027BA93 /* Params.swift in Sources */,
				CF8E3F7924A556C3008F4ED8 /* City.swift in Sources */,
				CF48700C24A01E850038AD32 /* TestViewExtantion.swift in Sources */,
				CF32E455249F68FB0027BA93 /* ViewController.swift in Sources */,
				CF48700A24A01E510038AD32 /* TestView.swift in Sources */,
				CF32E473249F74F20027BA93 /* ProductController.swift in Sources */,
				CF48700724A0180B0038AD32 /* MainViewModel.swift in Sources */,
				CF32E451249F68FB0027BA93 /* AppDelegate.swift in Sources */,
				CF32E45B249F68FC0027BA93 /* pattern.xcdatamodeld in Sources */,
				CF730A6E24A346B50032CF99 /* WeatherRouter.swift in Sources */,
				CF48700124A016AE0038AD32 /* MvvmController.swift in Sources */,
				CF730A7024A346C60032CF99 /* WeatherModuleBuilder.swift in Sources */,
				CF486FFC249FEF6B0038AD32 /* ClosureController.swift in Sources */,
				CF32E453249F68FB0027BA93 /* SceneDelegate.swift in Sources */,
				CF2E58AA24A23010003F61AC /* MainPresenter.swift in Sources */,
				CF2E58CA24A2818A003F61AC /* DetailViewController.swift in Sources */,
				CF2E58AC24A230AE003F61AC /* Post.swift in Sources */,
				CF730A7224A346DE0032CF99 /* Weather.swift in Sources */,
				CF2E58C524A27B79003F61AC /* DetailPresenter.swift in Sources */,
				CF32E471249F70A20027BA93 /* FactoryProduct.swift in Sources */,
				CF730A7824A347220032CF99 /* WeatherPresenter.swift in Sources */,
				CF2E58B224A238D2003F61AC /* ModuleBuilder.swift in Sources */,
				CF730A7D24A3AE880032CF99 /* DetailWeatherViewController.swift in Sources */,
				CF32E46A249F6ED50027BA93 /* Product.swift in Sources */,
				CF3E49D524A4E6F000103768 /* DetailWeatherPresenter.swift in Sources */,
				CF486FFE249FF2860038AD32 /* NetworkService.swift in Sources */,
				CF730A7A24A386360032CF99 /* Location.swift in Sources */,
				CF32E46F249F702C0027BA93 /* ParamsDefault.swift in Sources */,
				CF2E58AE24A233F0003F61AC /* MainViewController.swift in Sources */,
				CFFEC1B424A49B8D00C2A878 /* CollectionViewCell.swift in Sources */,
			);
			runOnlyForDeploymentPostprocessing = 0;
		};
/* End PBXSourcesBuildPhase section */

/* Begin PBXTargetDependency section */
		CF2E58C024A26163003F61AC /* PBXTargetDependency */ = {
			isa = PBXTargetDependency;
			target = CF32E44C249F68FB0027BA93 /* pattern */;
			targetProxy = CF2E58BF24A26163003F61AC /* PBXContainerItemProxy */;
		};
/* End PBXTargetDependency section */

/* Begin PBXVariantGroup section */
		CF32E456249F68FB0027BA93 /* Main.storyboard */ = {
			isa = PBXVariantGroup;
			children = (
				CF32E457249F68FB0027BA93 /* Base */,
			);
			name = Main.storyboard;
			sourceTree = "<group>";
		};
		CF32E45E249F68FD0027BA93 /* LaunchScreen.storyboard */ = {
			isa = PBXVariantGroup;
			children = (
				CF32E45F249F68FD0027BA93 /* Base */,
			);
			name = LaunchScreen.storyboard;
			sourceTree = "<group>";
		};
/* End PBXVariantGroup section */

/* Begin XCBuildConfiguration section */
		CF2E58C224A26163003F61AC /* Debug */ = {
			isa = XCBuildConfiguration;
			buildSettings = {
				BUNDLE_LOADER = "$(TEST_HOST)";
				CODE_SIGN_STYLE = Automatic;
				DEVELOPMENT_TEAM = 7J6NQU29WC;
				INFOPLIST_FILE = patternTests/Info.plist;
				LD_RUNPATH_SEARCH_PATHS = (
					"$(inherited)",
					"@executable_path/Frameworks",
					"@loader_path/Frameworks",
				);
				PRODUCT_BUNDLE_IDENTIFIER = "Igor-Selivestrov.patternTests";
				PRODUCT_NAME = "$(TARGET_NAME)";
				SWIFT_VERSION = 5.0;
				TARGETED_DEVICE_FAMILY = "1,2";
				TEST_HOST = "$(BUILT_PRODUCTS_DIR)/pattern.app/pattern";
			};
			name = Debug;
		};
		CF2E58C324A26163003F61AC /* Release */ = {
			isa = XCBuildConfiguration;
			buildSettings = {
				BUNDLE_LOADER = "$(TEST_HOST)";
				CODE_SIGN_STYLE = Automatic;
				DEVELOPMENT_TEAM = 7J6NQU29WC;
				INFOPLIST_FILE = patternTests/Info.plist;
				LD_RUNPATH_SEARCH_PATHS = (
					"$(inherited)",
					"@executable_path/Frameworks",
					"@loader_path/Frameworks",
				);
				PRODUCT_BUNDLE_IDENTIFIER = "Igor-Selivestrov.patternTests";
				PRODUCT_NAME = "$(TARGET_NAME)";
				SWIFT_VERSION = 5.0;
				TARGETED_DEVICE_FAMILY = "1,2";
				TEST_HOST = "$(BUILT_PRODUCTS_DIR)/pattern.app/pattern";
			};
			name = Release;
		};
		CF32E462249F68FD0027BA93 /* Debug */ = {
			isa = XCBuildConfiguration;
			buildSettings = {
				ALWAYS_SEARCH_USER_PATHS = NO;
				CLANG_ANALYZER_NONNULL = YES;
				CLANG_ANALYZER_NUMBER_OBJECT_CONVERSION = YES_AGGRESSIVE;
				CLANG_CXX_LANGUAGE_STANDARD = "gnu++14";
				CLANG_CXX_LIBRARY = "libc++";
				CLANG_ENABLE_MODULES = YES;
				CLANG_ENABLE_OBJC_ARC = YES;
				CLANG_ENABLE_OBJC_WEAK = YES;
				CLANG_WARN_BLOCK_CAPTURE_AUTORELEASING = YES;
				CLANG_WARN_BOOL_CONVERSION = YES;
				CLANG_WARN_COMMA = YES;
				CLANG_WARN_CONSTANT_CONVERSION = YES;
				CLANG_WARN_DEPRECATED_OBJC_IMPLEMENTATIONS = YES;
				CLANG_WARN_DIRECT_OBJC_ISA_USAGE = YES_ERROR;
				CLANG_WARN_DOCUMENTATION_COMMENTS = YES;
				CLANG_WARN_EMPTY_BODY = YES;
				CLANG_WARN_ENUM_CONVERSION = YES;
				CLANG_WARN_INFINITE_RECURSION = YES;
				CLANG_WARN_INT_CONVERSION = YES;
				CLANG_WARN_NON_LITERAL_NULL_CONVERSION = YES;
				CLANG_WARN_OBJC_IMPLICIT_RETAIN_SELF = YES;
				CLANG_WARN_OBJC_LITERAL_CONVERSION = YES;
				CLANG_WARN_OBJC_ROOT_CLASS = YES_ERROR;
				CLANG_WARN_RANGE_LOOP_ANALYSIS = YES;
				CLANG_WARN_STRICT_PROTOTYPES = YES;
				CLANG_WARN_SUSPICIOUS_MOVE = YES;
				CLANG_WARN_UNGUARDED_AVAILABILITY = YES_AGGRESSIVE;
				CLANG_WARN_UNREACHABLE_CODE = YES;
				CLANG_WARN__DUPLICATE_METHOD_MATCH = YES;
				COPY_PHASE_STRIP = NO;
				DEBUG_INFORMATION_FORMAT = dwarf;
				ENABLE_STRICT_OBJC_MSGSEND = YES;
				ENABLE_TESTABILITY = YES;
				GCC_C_LANGUAGE_STANDARD = gnu11;
				GCC_DYNAMIC_NO_PIC = NO;
				GCC_NO_COMMON_BLOCKS = YES;
				GCC_OPTIMIZATION_LEVEL = 0;
				GCC_PREPROCESSOR_DEFINITIONS = (
					"DEBUG=1",
					"$(inherited)",
				);
				GCC_WARN_64_TO_32_BIT_CONVERSION = YES;
				GCC_WARN_ABOUT_RETURN_TYPE = YES_ERROR;
				GCC_WARN_UNDECLARED_SELECTOR = YES;
				GCC_WARN_UNINITIALIZED_AUTOS = YES_AGGRESSIVE;
				GCC_WARN_UNUSED_FUNCTION = YES;
				GCC_WARN_UNUSED_VARIABLE = YES;
				IPHONEOS_DEPLOYMENT_TARGET = 13.2;
				MTL_ENABLE_DEBUG_INFO = INCLUDE_SOURCE;
				MTL_FAST_MATH = YES;
				ONLY_ACTIVE_ARCH = YES;
				SDKROOT = iphoneos;
				SWIFT_ACTIVE_COMPILATION_CONDITIONS = DEBUG;
				SWIFT_OPTIMIZATION_LEVEL = "-Onone";
			};
			name = Debug;
		};
		CF32E463249F68FD0027BA93 /* Release */ = {
			isa = XCBuildConfiguration;
			buildSettings = {
				ALWAYS_SEARCH_USER_PATHS = NO;
				CLANG_ANALYZER_NONNULL = YES;
				CLANG_ANALYZER_NUMBER_OBJECT_CONVERSION = YES_AGGRESSIVE;
				CLANG_CXX_LANGUAGE_STANDARD = "gnu++14";
				CLANG_CXX_LIBRARY = "libc++";
				CLANG_ENABLE_MODULES = YES;
				CLANG_ENABLE_OBJC_ARC = YES;
				CLANG_ENABLE_OBJC_WEAK = YES;
				CLANG_WARN_BLOCK_CAPTURE_AUTORELEASING = YES;
				CLANG_WARN_BOOL_CONVERSION = YES;
				CLANG_WARN_COMMA = YES;
				CLANG_WARN_CONSTANT_CONVERSION = YES;
				CLANG_WARN_DEPRECATED_OBJC_IMPLEMENTATIONS = YES;
				CLANG_WARN_DIRECT_OBJC_ISA_USAGE = YES_ERROR;
				CLANG_WARN_DOCUMENTATION_COMMENTS = YES;
				CLANG_WARN_EMPTY_BODY = YES;
				CLANG_WARN_ENUM_CONVERSION = YES;
				CLANG_WARN_INFINITE_RECURSION = YES;
				CLANG_WARN_INT_CONVERSION = YES;
				CLANG_WARN_NON_LITERAL_NULL_CONVERSION = YES;
				CLANG_WARN_OBJC_IMPLICIT_RETAIN_SELF = YES;
				CLANG_WARN_OBJC_LITERAL_CONVERSION = YES;
				CLANG_WARN_OBJC_ROOT_CLASS = YES_ERROR;
				CLANG_WARN_RANGE_LOOP_ANALYSIS = YES;
				CLANG_WARN_STRICT_PROTOTYPES = YES;
				CLANG_WARN_SUSPICIOUS_MOVE = YES;
				CLANG_WARN_UNGUARDED_AVAILABILITY = YES_AGGRESSIVE;
				CLANG_WARN_UNREACHABLE_CODE = YES;
				CLANG_WARN__DUPLICATE_METHOD_MATCH = YES;
				COPY_PHASE_STRIP = NO;
				DEBUG_INFORMATION_FORMAT = "dwarf-with-dsym";
				ENABLE_NS_ASSERTIONS = NO;
				ENABLE_STRICT_OBJC_MSGSEND = YES;
				ENABLE_TESTABILITY = YES;
				GCC_C_LANGUAGE_STANDARD = gnu11;
				GCC_NO_COMMON_BLOCKS = YES;
				GCC_WARN_64_TO_32_BIT_CONVERSION = YES;
				GCC_WARN_ABOUT_RETURN_TYPE = YES_ERROR;
				GCC_WARN_UNDECLARED_SELECTOR = YES;
				GCC_WARN_UNINITIALIZED_AUTOS = YES_AGGRESSIVE;
				GCC_WARN_UNUSED_FUNCTION = YES;
				GCC_WARN_UNUSED_VARIABLE = YES;
				IPHONEOS_DEPLOYMENT_TARGET = 13.2;
				MTL_ENABLE_DEBUG_INFO = NO;
				MTL_FAST_MATH = YES;
				SDKROOT = iphoneos;
				SWIFT_COMPILATION_MODE = wholemodule;
				SWIFT_OPTIMIZATION_LEVEL = "-O";
				VALIDATE_PRODUCT = YES;
			};
			name = Release;
		};
		CF32E465249F68FD0027BA93 /* Debug */ = {
			isa = XCBuildConfiguration;
			buildSettings = {
				ASSETCATALOG_COMPILER_APPICON_NAME = AppIcon;
				CLANG_ENABLE_MODULES = YES;
				CODE_SIGN_STYLE = Automatic;
				DEVELOPMENT_TEAM = 7J6NQU29WC;
				INFOPLIST_FILE = pattern/Info.plist;
				IPHONEOS_DEPLOYMENT_TARGET = 13.2;
				LD_RUNPATH_SEARCH_PATHS = (
					"$(inherited)",
					"@executable_path/Frameworks",
				);
				PRODUCT_BUNDLE_IDENTIFIER = "Igor-Selivestrov.pattern";
				PRODUCT_NAME = "$(TARGET_NAME)";
				SWIFT_OPTIMIZATION_LEVEL = "-Onone";
				SWIFT_VERSION = 5.0;
				TARGETED_DEVICE_FAMILY = 1;
			};
			name = Debug;
		};
		CF32E466249F68FD0027BA93 /* Release */ = {
			isa = XCBuildConfiguration;
			buildSettings = {
				ASSETCATALOG_COMPILER_APPICON_NAME = AppIcon;
				CLANG_ENABLE_MODULES = YES;
				CODE_SIGN_STYLE = Automatic;
				DEVELOPMENT_TEAM = 7J6NQU29WC;
				INFOPLIST_FILE = pattern/Info.plist;
				IPHONEOS_DEPLOYMENT_TARGET = 13.2;
				LD_RUNPATH_SEARCH_PATHS = (
					"$(inherited)",
					"@executable_path/Frameworks",
				);
				PRODUCT_BUNDLE_IDENTIFIER = "Igor-Selivestrov.pattern";
				PRODUCT_NAME = "$(TARGET_NAME)";
				SWIFT_VERSION = 5.0;
				TARGETED_DEVICE_FAMILY = 1;
			};
			name = Release;
		};
/* End XCBuildConfiguration section */

/* Begin XCConfigurationList section */
		CF2E58C124A26163003F61AC /* Build configuration list for PBXNativeTarget "patternTests" */ = {
			isa = XCConfigurationList;
			buildConfigurations = (
				CF2E58C224A26163003F61AC /* Debug */,
				CF2E58C324A26163003F61AC /* Release */,
			);
			defaultConfigurationIsVisible = 0;
			defaultConfigurationName = Release;
		};
		CF32E448249F68FB0027BA93 /* Build configuration list for PBXProject "pattern" */ = {
			isa = XCConfigurationList;
			buildConfigurations = (
				CF32E462249F68FD0027BA93 /* Debug */,
				CF32E463249F68FD0027BA93 /* Release */,
			);
			defaultConfigurationIsVisible = 0;
			defaultConfigurationName = Release;
		};
		CF32E464249F68FD0027BA93 /* Build configuration list for PBXNativeTarget "pattern" */ = {
			isa = XCConfigurationList;
			buildConfigurations = (
				CF32E465249F68FD0027BA93 /* Debug */,
				CF32E466249F68FD0027BA93 /* Release */,
			);
			defaultConfigurationIsVisible = 0;
			defaultConfigurationName = Release;
		};
/* End XCConfigurationList section */

/* Begin XCVersionGroup section */
		CF32E459249F68FC0027BA93 /* pattern.xcdatamodeld */ = {
			isa = XCVersionGroup;
			children = (
				CF32E45A249F68FC0027BA93 /* pattern.xcdatamodel */,
			);
			currentVersion = CF32E45A249F68FC0027BA93 /* pattern.xcdatamodel */;
			path = pattern.xcdatamodeld;
			sourceTree = "<group>";
			versionGroupType = wrapper.xcdatamodel;
		};
/* End XCVersionGroup section */
	};
	rootObject = CF32E445249F68FB0027BA93 /* Project object */;
}
